
Microsoft Visual Studio Solution File, Format Version 12.00
# Visual Studio Version 16
VisualStudioVersion = 16.0.31205.134
MinimumVisualStudioVersion = 10.0.40219.1
Project("{C9674DCB-5085-4A16-B785-4C70DD1589BD}") = "DeltaExtraction", "DeltaExtraction\DeltaExtraction.dtproj", "{E970486A-DF81-4861-A44E-EA0CB7511DE1}"
EndProject
Global
	GlobalSection(SolutionConfigurationPlatforms) = preSolution
		Development|Default = Development|Default
	EndGlobalSection
	GlobalSection(ProjectConfigurationPlatforms) = postSolution
		{E970486A-DF81-4861-A44E-EA0CB7511DE1}.Development|Default.ActiveCfg = Development
		{E970486A-DF81-4861-A44E-EA0CB7511DE1}.Development|Default.Build.0 = Development
	EndGlobalSection
	GlobalSection(SolutionProperties) = preSolution
		HideSolutionNode = FALSE
	EndGlobalSection
	GlobalSection(ExtensibilityGlobals) = postSolution
		SolutionGuid = {591E58E9-5BD3-4D99-A4B5-A70221AE734F}
	EndGlobalSection
EndGlobal
